
Microsoft Visual Studio Solution File, Format Version 12.00
# Visual Studio Version 17
VisualStudioVersion = 17.3.32819.101
MinimumVisualStudioVersion = 10.0.40219.1
Project("{FAE04EC0-301F-11D3-BF4B-00C04F79EFBC}") = "GorshunovLopushok", "GorshunovLopushok\GorshunovLopushok.csproj", "{99551FD7-5878-4737-8D9F-2DCB9D9CAB6F}"
EndProject
Global
	GlobalSection(SolutionConfigurationPlatforms) = preSolution
		Debug|Any CPU = Debug|Any CPU
		Release|Any CPU = Release|Any CPU
	EndGlobalSection
	GlobalSection(ProjectConfigurationPlatforms) = postSolution
		{99551FD7-5878-4737-8D9F-2DCB9D9CAB6F}.Debug|Any CPU.ActiveCfg = Debug|Any CPU
		{99551FD7-5878-4737-8D9F-2DCB9D9CAB6F}.Debug|Any CPU.Build.0 = Debug|Any CPU
		{99551FD7-5878-4737-8D9F-2DCB9D9CAB6F}.Release|Any CPU.ActiveCfg = Release|Any CPU
		{99551FD7-5878-4737-8D9F-2DCB9D9CAB6F}.Release|Any CPU.Build.0 = Release|Any CPU
	EndGlobalSection
	GlobalSection(SolutionProperties) = preSolution
		HideSolutionNode = FALSE
	EndGlobalSection
	GlobalSection(ExtensibilityGlobals) = postSolution
		SolutionGuid = {271729D4-78E2-46B5-BAA9-C7D2770172BA}
	EndGlobalSection
EndGlobal
